
Microsoft Visual Studio Solution File, Format Version 12.00
# Visual Studio Version 16
VisualStudioVersion = 16.0.31019.35
MinimumVisualStudioVersion = 10.0.40219.1
Project("{FAE04EC0-301F-11D3-BF4B-00C04F79EFBC}") = "ConsoleApp", "ConsoleApp\ConsoleApp.csproj", "{DEAF3F1F-2BAF-4698-B786-59029F622C44}"
EndProject
Global
	GlobalSection(SolutionConfigurationPlatforms) = preSolution
		Debug|Any CPU = Debug|Any CPU
		Release|Any CPU = Release|Any CPU
	EndGlobalSection
	GlobalSection(ProjectConfigurationPlatforms) = postSolution
		{DEAF3F1F-2BAF-4698-B786-59029F622C44}.Debug|Any CPU.ActiveCfg = Debug|Any CPU
		{DEAF3F1F-2BAF-4698-B786-59029F622C44}.Debug|Any CPU.Build.0 = Debug|Any CPU
		{DEAF3F1F-2BAF-4698-B786-59029F622C44}.Release|Any CPU.ActiveCfg = Release|Any CPU
		{DEAF3F1F-2BAF-4698-B786-59029F622C44}.Release|Any CPU.Build.0 = Release|Any CPU
	EndGlobalSection
	GlobalSection(SolutionProperties) = preSolution
		HideSolutionNode = FALSE
	EndGlobalSection
	GlobalSection(ExtensibilityGlobals) = postSolution
		SolutionGuid = {34929340-056C-4121-95EA-9E53EA74660A}
	EndGlobalSection
EndGlobal
