
Microsoft Visual Studio Solution File, Format Version 12.00
# Visual Studio Version 16
VisualStudioVersion = 16.0.31025.194
MinimumVisualStudioVersion = 10.0.40219.1
Project("{9A19103F-16F7-4668-BE54-9A1E7A4F7556}") = "List", "List\List.csproj", "{96381776-E22F-4D3B-BA04-375AAD183116}"
EndProject
Project("{FAE04EC0-301F-11D3-BF4B-00C04F79EFBC}") = "List.Tests", "List.Tests\List.Tests.csproj", "{C5443BC8-3A49-4EFD-BDD6-6D8C3ED5CBBF}"
EndProject
Global
	GlobalSection(SolutionConfigurationPlatforms) = preSolution
		Debug|Any CPU = Debug|Any CPU
		Release|Any CPU = Release|Any CPU
	EndGlobalSection
	GlobalSection(ProjectConfigurationPlatforms) = postSolution
		{96381776-E22F-4D3B-BA04-375AAD183116}.Debug|Any CPU.ActiveCfg = Debug|Any CPU
		{96381776-E22F-4D3B-BA04-375AAD183116}.Debug|Any CPU.Build.0 = Debug|Any CPU
		{96381776-E22F-4D3B-BA04-375AAD183116}.Release|Any CPU.ActiveCfg = Release|Any CPU
		{96381776-E22F-4D3B-BA04-375AAD183116}.Release|Any CPU.Build.0 = Release|Any CPU
		{C5443BC8-3A49-4EFD-BDD6-6D8C3ED5CBBF}.Debug|Any CPU.ActiveCfg = Debug|Any CPU
		{C5443BC8-3A49-4EFD-BDD6-6D8C3ED5CBBF}.Debug|Any CPU.Build.0 = Debug|Any CPU
		{C5443BC8-3A49-4EFD-BDD6-6D8C3ED5CBBF}.Release|Any CPU.ActiveCfg = Release|Any CPU
		{C5443BC8-3A49-4EFD-BDD6-6D8C3ED5CBBF}.Release|Any CPU.Build.0 = Release|Any CPU
	EndGlobalSection
	GlobalSection(SolutionProperties) = preSolution
		HideSolutionNode = FALSE
	EndGlobalSection
	GlobalSection(ExtensibilityGlobals) = postSolution
		SolutionGuid = {B6427B1A-B584-426E-9A1C-EB5D3AF7BDB5}
	EndGlobalSection
EndGlobal
